PODS:
  - AFNetworking (3.2.1):
    - AFNetworking/NSURLSession (= 3.2.1)
    - AFNetworking/Reachability (= 3.2.1)
    - AFNetworking/Security (= 3.2.1)
    - AFNetworking/Serialization (= 3.2.1)
    - AFNetworking/UIKit (= 3.2.1)
  - AFNetworking/NSURLSession (3.2.1):
    - AFNetworking/Reachability
    - AFNetworking/Security
    - AFNetworking/Serialization
  - AFNetworking/Reachability (3.2.1)
  - AFNetworking/Security (3.2.1)
  - AFNetworking/Serialization (3.2.1)
  - AFNetworking/UIKit (3.2.1):
    - AFNetworking/NSURLSession
  - LSAuthorization (0.2.0):
    - LSNetworkingModule
  - LSBluetoothSDK_Demo_iOS (1.4.6):
    - LSBluetoothSDK_iOS
  - LSBluetoothSDK_iOS (1.4.6):
    - LSAuthorization
  - LSNetworkingModule (2.1.8):
    - AFNetworking

DEPENDENCIES:
  - LSBluetoothSDK_Demo_iOS (from `../`)
  - LSBluetoothSDK_iOS (= 1.4.6)
  - LSNetworkingModule (= 2.1.8)

SPEC REPOS:
  https://github.com/CocoaPods/Specs.git:
    - AFNetworking
  https://github.com/leshiguang/cocoapods.git:
    - LSAuthorization
    - LSBluetoothSDK_iOS
    - LSNetworkingModule

EXTERNAL SOURCES:
  LSBluetoothSDK_Demo_iOS:
    :path: "../"

SPEC CHECKSUMS:
  AFNetworking: b6f891fdfaed196b46c7a83cf209e09697b94057
  LSAuthorization: 9652b71eb44c2ee18b8c58417f0c08889b952d9b
  LSBluetoothSDK_Demo_iOS: 66906767e81f67140483f007a93632ccc3525f37
  LSBluetoothSDK_iOS: 6e2978a3ad9851091cdc5f455a6937f916624317
  LSNetworkingModule: 8e91275b9044ff36bb3c011c35ce9b385110df24

PODFILE CHECKSUM: e4aab1642746b0d2e1bc902285fdde446ac71319

COCOAPODS: 1.8.4
