PODS:
  - LSAuthorization (0.2.1):
    - LSNetwork_iOS
  - LSBluetoothSDK_Demo_iOS (0.1.0):
    - LSBluetoothSDK_iOS
  - LSBluetoothSDK_iOS (1.4.7):
    - LSAuthorization
  - LSNetwork_iOS (0.1.3)

DEPENDENCIES:
  - LSBluetoothSDK_Demo_iOS (from `../`)
  - LSBluetoothSDK_iOS

SPEC REPOS:
  https://github.com/leshiguang/cocoapods.git:
    - LSAuthorization
    - LSBluetoothSDK_iOS
    - LSNetwork_iOS

EXTERNAL SOURCES:
  LSBluetoothSDK_Demo_iOS:
    :path: "../"

SPEC CHECKSUMS:
  LSAuthorization: 15e8dc6a1469c162a9045f00a2222cd2755e37bf
  LSBluetoothSDK_Demo_iOS: cc1e812b911c5bafdcbe72c7bfb82cae915bb949
  LSBluetoothSDK_iOS: 9ab6e8dc6e8b6bfdec1afe979810da24a0b4e3c1
  LSNetwork_iOS: 60c24d4c43c17b7833b643430ad1c9b3b3d04fb6

PODFILE CHECKSUM: e1162c657cb398a4b18c94714fec33faf69b479a

COCOAPODS: 1.8.4
