PODS:
  - AFNetworking (3.2.1):
    - AFNetworking/NSURLSession (= 3.2.1)
    - AFNetworking/Reachability (= 3.2.1)
    - AFNetworking/Security (= 3.2.1)
    - AFNetworking/Serialization (= 3.2.1)
    - AFNetworking/UIKit (= 3.2.1)
  - AFNetworking/NSURLSession (3.2.1):
    - AFNetworking/Reachability
    - AFNetworking/Security
    - AFNetworking/Serialization
  - AFNetworking/Reachability (3.2.1)
  - AFNetworking/Security (3.2.1)
  - AFNetworking/Serialization (3.2.1)
  - AFNetworking/UIKit (3.2.1):
    - AFNetworking/NSURLSession
  - LSAuthorization (0.2.0):
    - LSNetworkingModule
  - LSBluetoothSDK_Demo_iOS (0.1.0):
    - LSBluetoothSDK_iOS
  - LSBluetoothSDK_iOS (1.4.7):
    - LSAuthorization
  - LSNetworkingModule (2.1.8):
    - AFNetworking

DEPENDENCIES:
  - LSBluetoothSDK_Demo_iOS (from `../`)
  - LSBluetoothSDK_iOS (= 1.4.7)
  - LSNetworkingModule (= 2.1.8)

SPEC REPOS:
  https://github.com/CocoaPods/Specs.git:
    - AFNetworking
  https://github.com/leshiguang/cocoapods.git:
    - LSAuthorization
    - LSBluetoothSDK_iOS
  https://gitlab.lifesense.com/commonlib_ios/CocoaPodsSpecs.git:
    - LSNetworkingModule

EXTERNAL SOURCES:
  LSBluetoothSDK_Demo_iOS:
    :path: "../"

SPEC CHECKSUMS:
  AFNetworking: b6f891fdfaed196b46c7a83cf209e09697b94057
  LSAuthorization: 9652b71eb44c2ee18b8c58417f0c08889b952d9b
  LSBluetoothSDK_Demo_iOS: cc1e812b911c5bafdcbe72c7bfb82cae915bb949
  LSBluetoothSDK_iOS: 9ab6e8dc6e8b6bfdec1afe979810da24a0b4e3c1
  LSNetworkingModule: 94c494be78faade274628aed9f8bf44554a81f93

PODFILE CHECKSUM: ae1b9230cd284cb012942a57aaa2bc03aed20f29

COCOAPODS: 1.8.4
